// !$*UTF8*$!
{
	archiveVersion = 1;
	classes = {
	};
	objectVersion = 55;
	objects = {

/* Begin PBXBuildFile section */
		C4852CBB26D2990D004F36EB /* BlogApp.swift in Sources */ = {isa = PBXBuildFile; fileRef = C4852CAD26D2990B004F36EB /* BlogApp.swift */; };
		C4852CBC26D2990D004F36EB /* BlogApp.swift in Sources */ = {isa = PBXBuildFile; fileRef = C4852CAD26D2990B004F36EB /* BlogApp.swift */; };
		C4852CBD26D2990D004F36EB /* ContentView.swift in Sources */ = {isa = PBXBuildFile; fileRef = C4852CAE26D2990B004F36EB /* ContentView.swift */; };
		C4852CBE26D2990D004F36EB /* ContentView.swift in Sources */ = {isa = PBXBuildFile; fileRef = C4852CAE26D2990B004F36EB /* ContentView.swift */; };
		C4852CBF26D2990D004F36EB /* Assets.xcassets in Resources */ = {isa = PBXBuildFile; fileRef = C4852CAF26D2990D004F36EB /* Assets.xcassets */; };
		C4852CC026D2990D004F36EB /* Assets.xcassets in Resources */ = {isa = PBXBuildFile; fileRef = C4852CAF26D2990D004F36EB /* Assets.xcassets */; };
		C4852CCA26D2995A004F36EB /* GoogleService-Info.plist in Resources */ = {isa = PBXBuildFile; fileRef = C4852CC926D2995A004F36EB /* GoogleService-Info.plist */; };
		C4852CCB26D2995A004F36EB /* GoogleService-Info.plist in Resources */ = {isa = PBXBuildFile; fileRef = C4852CC926D2995A004F36EB /* GoogleService-Info.plist */; };
		C4852CCE26D29A83004F36EB /* FirebaseAnalytics in Frameworks */ = {isa = PBXBuildFile; productRef = C4852CCD26D29A83004F36EB /* FirebaseAnalytics */; };
		C4852CD026D29A83004F36EB /* FirebaseAnalyticsSwift-Beta in Frameworks */ = {isa = PBXBuildFile; productRef = C4852CCF26D29A83004F36EB /* FirebaseAnalyticsSwift-Beta */; };
		C4852CD226D29A83004F36EB /* FirebaseFirestore in Frameworks */ = {isa = PBXBuildFile; productRef = C4852CD126D29A83004F36EB /* FirebaseFirestore */; };
		C4852CD426D29A83004F36EB /* FirebaseFirestoreSwift-Beta in Frameworks */ = {isa = PBXBuildFile; productRef = C4852CD326D29A83004F36EB /* FirebaseFirestoreSwift-Beta */; };
		C4852CD926D29AD0004F36EB /* Home.swift in Sources */ = {isa = PBXBuildFile; fileRef = C4852CD826D29AD0004F36EB /* Home.swift */; };
		C4852CDA26D29AD0004F36EB /* Home.swift in Sources */ = {isa = PBXBuildFile; fileRef = C4852CD826D29AD0004F36EB /* Home.swift */; };
		C4852CDC26D29B87004F36EB /* BlogViewModel.swift in Sources */ = {isa = PBXBuildFile; fileRef = C4852CDB26D29B87004F36EB /* BlogViewModel.swift */; };
		C4852CDD26D29B87004F36EB /* BlogViewModel.swift in Sources */ = {isa = PBXBuildFile; fileRef = C4852CDB26D29B87004F36EB /* BlogViewModel.swift */; };
		C4852CDF26D29BAB004F36EB /* Post.swift in Sources */ = {isa = PBXBuildFile; fileRef = C4852CDE26D29BAB004F36EB /* Post.swift */; };
		C4852CE026D29BAB004F36EB /* Post.swift in Sources */ = {isa = PBXBuildFile; fileRef = C4852CDE26D29BAB004F36EB /* Post.swift */; };
		C4852CE226D2A9BA004F36EB /* CreatePost.swift in Sources */ = {isa = PBXBuildFile; fileRef = C4852CE126D2A9BA004F36EB /* CreatePost.swift */; };
		C4852CE326D2A9BA004F36EB /* CreatePost.swift in Sources */ = {isa = PBXBuildFile; fileRef = C4852CE126D2A9BA004F36EB /* CreatePost.swift */; };
		C4852CE526D2AEA6004F36EB /* TextView.swift in Sources */ = {isa = PBXBuildFile; fileRef = C4852CE426D2AEA6004F36EB /* TextView.swift */; };
		C4852CE626D2AEA6004F36EB /* TextView.swift in Sources */ = {isa = PBXBuildFile; fileRef = C4852CE426D2AEA6004F36EB /* TextView.swift */; };
		C4FAD4EB26D2EC6F009F0D1D /* SDWebImageSwiftUI in Frameworks */ = {isa = PBXBuildFile; productRef = C4FAD4EA26D2EC6F009F0D1D /* SDWebImageSwiftUI */; };
/* End PBXBuildFile section */

/* Begin PBXFileReference section */
		C4852CAD26D2990B004F36EB /* BlogApp.swift */ = {isa = PBXFileReference; lastKnownFileType = sourcecode.swift; path = BlogApp.swift; sourceTree = "<group>"; };
		C4852CAE26D2990B004F36EB /* ContentView.swift */ = {isa = PBXFileReference; lastKnownFileType = sourcecode.swift; path = ContentView.swift; sourceTree = "<group>"; };
		C4852CAF26D2990D004F36EB /* Assets.xcassets */ = {isa = PBXFileReference; lastKnownFileType = folder.assetcatalog; path = Assets.xcassets; sourceTree = "<group>"; };
		C4852CB426D2990D004F36EB /* Blog.app */ = {isa = PBXFileReference; explicitFileType = wrapper.application; includeInIndex = 0; path = Blog.app; sourceTree = BUILT_PRODUCTS_DIR; };
		C4852CBA26D2990D004F36EB /* Blog.app */ = {isa = PBXFileReference; explicitFileType = wrapper.application; includeInIndex = 0; path = Blog.app; sourceTree = BUILT_PRODUCTS_DIR; };
		C4852CC926D2995A004F36EB /* GoogleService-Info.plist */ = {isa = PBXFileReference; fileEncoding = 4; lastKnownFileType = text.plist.xml; path = "GoogleService-Info.plist"; sourceTree = "<group>"; };
		C4852CD826D29AD0004F36EB /* Home.swift */ = {isa = PBXFileReference; lastKnownFileType = sourcecode.swift; path = Home.swift; sourceTree = "<group>"; };
		C4852CDB26D29B87004F36EB /* BlogViewModel.swift */ = {isa = PBXFileReference; lastKnownFileType = sourcecode.swift; path = BlogViewModel.swift; sourceTree = "<group>"; };
		C4852CDE26D29BAB004F36EB /* Post.swift */ = {isa = PBXFileReference; lastKnownFileType = sourcecode.swift; path = Post.swift; sourceTree = "<group>"; };
		C4852CE126D2A9BA004F36EB /* CreatePost.swift */ = {isa = PBXFileReference; lastKnownFileType = sourcecode.swift; path = CreatePost.swift; sourceTree = "<group>"; };
		C4852CE426D2AEA6004F36EB /* TextView.swift */ = {isa = PBXFileReference; lastKnownFileType = sourcecode.swift; path = TextView.swift; sourceTree = "<group>"; };
/* End PBXFileReference section */

/* Begin PBXFrameworksBuildPhase section */
		C4852CB126D2990D004F36EB /* Frameworks */ = {
			isa = PBXFrameworksBuildPhase;
			buildActionMask = 2147483647;
			files = (
				C4FAD4EB26D2EC6F009F0D1D /* SDWebImageSwiftUI in Frameworks */,
				C4852CD026D29A83004F36EB /* FirebaseAnalyticsSwift-Beta in Frameworks */,
				C4852CD426D29A83004F36EB /* FirebaseFirestoreSwift-Beta in Frameworks */,
				C4852CCE26D29A83004F36EB /* FirebaseAnalytics in Frameworks */,
				C4852CD226D29A83004F36EB /* FirebaseFirestore in Frameworks */,
			);
			runOnlyForDeploymentPostprocessing = 0;
		};
		C4852CB726D2990D004F36EB /* Frameworks */ = {
			isa = PBXFrameworksBuildPhase;
			buildActionMask = 2147483647;
			files = (
			);
			runOnlyForDeploymentPostprocessing = 0;
		};
/* End PBXFrameworksBuildPhase section */

/* Begin PBXGroup section */
		C4852CA726D2990B004F36EB = {
			isa = PBXGroup;
			children = (
				C4852CAC26D2990B004F36EB /* Shared */,
				C4852CB526D2990D004F36EB /* Products */,
			);
			sourceTree = "<group>";
		};
		C4852CAC26D2990B004F36EB /* Shared */ = {
			isa = PBXGroup;
			children = (
				C4852CD726D29ABF004F36EB /* Model */,
				C4852CD626D29AB4004F36EB /* ViewModel */,
				C4852CD526D29AA6004F36EB /* View */,
				C4852CC926D2995A004F36EB /* GoogleService-Info.plist */,
				C4852CAD26D2990B004F36EB /* BlogApp.swift */,
				C4852CAE26D2990B004F36EB /* ContentView.swift */,
				C4852CAF26D2990D004F36EB /* Assets.xcassets */,
			);
			path = Shared;
			sourceTree = "<group>";
		};
		C4852CB526D2990D004F36EB /* Products */ = {
			isa = PBXGroup;
			children = (
				C4852CB426D2990D004F36EB /* Blog.app */,
				C4852CBA26D2990D004F36EB /* Blog.app */,
			);
			name = Products;
			sourceTree = "<group>";
		};
		C4852CD526D29AA6004F36EB /* View */ = {
			isa = PBXGroup;
			children = (
				C4852CD826D29AD0004F36EB /* Home.swift */,
				C4852CE126D2A9BA004F36EB /* CreatePost.swift */,
				C4852CE426D2AEA6004F36EB /* TextView.swift */,
			);
			path = View;
			sourceTree = "<group>";
		};
		C4852CD626D29AB4004F36EB /* ViewModel */ = {
			isa = PBXGroup;
			children = (
				C4852CDB26D29B87004F36EB /* BlogViewModel.swift */,
			);
			path = ViewModel;
			sourceTree = "<group>";
		};
		C4852CD726D29ABF004F36EB /* Model */ = {
			isa = PBXGroup;
			children = (
				C4852CDE26D29BAB004F36EB /* Post.swift */,
			);
			path = Model;
			sourceTree = "<group>";
		};
/* End PBXGroup section */

/* Begin PBXNativeTarget section */
		C4852CB326D2990D004F36EB /* Blog (iOS) */ = {
			isa = PBXNativeTarget;
			buildConfigurationList = C4852CC326D2990D004F36EB /* Build configuration list for PBXNativeTarget "Blog (iOS)" */;
			buildPhases = (
				C4852CB026D2990D004F36EB /* Sources */,
				C4852CB126D2990D004F36EB /* Frameworks */,
				C4852CB226D2990D004F36EB /* Resources */,
			);
			buildRules = (
			);
			dependencies = (
			);
			name = "Blog (iOS)";
			packageProductDependencies = (
				C4852CCD26D29A83004F36EB /* FirebaseAnalytics */,
				C4852CCF26D29A83004F36EB /* FirebaseAnalyticsSwift-Beta */,
				C4852CD126D29A83004F36EB /* FirebaseFirestore */,
				C4852CD326D29A83004F36EB /* FirebaseFirestoreSwift-Beta */,
				C4FAD4EA26D2EC6F009F0D1D /* SDWebImageSwiftUI */,
			);
			productName = "Blog (iOS)";
			productReference = C4852CB426D2990D004F36EB /* Blog.app */;
			productType = "com.apple.product-type.application";
		};
		C4852CB926D2990D004F36EB /* Blog (macOS) */ = {
			isa = PBXNativeTarget;
			buildConfigurationList = C4852CC626D2990D004F36EB /* Build configuration list for PBXNativeTarget "Blog (macOS)" */;
			buildPhases = (
				C4852CB626D2990D004F36EB /* Sources */,
				C4852CB726D2990D004F36EB /* Frameworks */,
				C4852CB826D2990D004F36EB /* Resources */,
			);
			buildRules = (
			);
			dependencies = (
			);
			name = "Blog (macOS)";
			productName = "Blog (macOS)";
			productReference = C4852CBA26D2990D004F36EB /* Blog.app */;
			productType = "com.apple.product-type.application";
		};
/* End PBXNativeTarget section */

/* Begin PBXProject section */
		C4852CA826D2990B004F36EB /* Project object */ = {
			isa = PBXProject;
			attributes = {
				BuildIndependentTargetsInParallel = 1;
				LastSwiftUpdateCheck = 1300;
				LastUpgradeCheck = 1300;
				TargetAttributes = {
					C4852CB326D2990D004F36EB = {
						CreatedOnToolsVersion = 13.0;
					};
					C4852CB926D2990D004F36EB = {
						CreatedOnToolsVersion = 13.0;
					};
				};
			};
			buildConfigurationList = C4852CAB26D2990B004F36EB /* Build configuration list for PBXProject "Blog" */;
			compatibilityVersion = "Xcode 13.0";
			developmentRegion = en;
			hasScannedForEncodings = 0;
			knownRegions = (
				en,
				Base,
			);
			mainGroup = C4852CA726D2990B004F36EB;
			packageReferences = (
				C4852CCC26D29A83004F36EB /* XCRemoteSwiftPackageReference "firebase-ios-sdk" */,
				C4FAD4E926D2EC6F009F0D1D /* XCRemoteSwiftPackageReference "SDWebImageSwiftUI" */,
			);
			productRefGroup = C4852CB526D2990D004F36EB /* Products */;
			projectDirPath = "";
			projectRoot = "";
			targets = (
				C4852CB326D2990D004F36EB /* Blog (iOS) */,
				C4852CB926D2990D004F36EB /* Blog (macOS) */,
			);
		};
/* End PBXProject section */

/* Begin PBXResourcesBuildPhase section */
		C4852CB226D2990D004F36EB /* Resources */ = {
			isa = PBXResourcesBuildPhase;
			buildActionMask = 2147483647;
			files = (
				C4852CBF26D2990D004F36EB /* Assets.xcassets in Resources */,
				C4852CCA26D2995A004F36EB /* GoogleService-Info.plist in Resources */,
			);
			runOnlyForDeploymentPostprocessing = 0;
		};
		C4852CB826D2990D004F36EB /* Resources */ = {
			isa = PBXResourcesBuildPhase;
			buildActionMask = 2147483647;
			files = (
				C4852CC026D2990D004F36EB /* Assets.xcassets in Resources */,
				C4852CCB26D2995A004F36EB /* GoogleService-Info.plist in Resources */,
			);
			runOnlyForDeploymentPostprocessing = 0;
		};
/* End PBXResourcesBuildPhase section */

/* Begin PBXSourcesBuildPhase section */
		C4852CB026D2990D004F36EB /* Sources */ = {
			isa = PBXSourcesBuildPhase;
			buildActionMask = 2147483647;
			files = (
				C4852CBD26D2990D004F36EB /* ContentView.swift in Sources */,
				C4852CD926D29AD0004F36EB /* Home.swift in Sources */,
				C4852CDC26D29B87004F36EB /* BlogViewModel.swift in Sources */,
				C4852CE526D2AEA6004F36EB /* TextView.swift in Sources */,
				C4852CE226D2A9BA004F36EB /* CreatePost.swift in Sources */,
				C4852CBB26D2990D004F36EB /* BlogApp.swift in Sources */,
				C4852CDF26D29BAB004F36EB /* Post.swift in Sources */,
			);
			runOnlyForDeploymentPostprocessing = 0;
		};
		C4852CB626D2990D004F36EB /* Sources */ = {
			isa = PBXSourcesBuildPhase;
			buildActionMask = 2147483647;
			files = (
				C4852CBE26D2990D004F36EB /* ContentView.swift in Sources */,
				C4852CDA26D29AD0004F36EB /* Home.swift in Sources */,
				C4852CDD26D29B87004F36EB /* BlogViewModel.swift in Sources */,
				C4852CE626D2AEA6004F36EB /* TextView.swift in Sources */,
				C4852CE326D2A9BA004F36EB /* CreatePost.swift in Sources */,
				C4852CBC26D2990D004F36EB /* BlogApp.swift in Sources */,
				C4852CE026D29BAB004F36EB /* Post.swift in Sources */,
			);
			runOnlyForDeploymentPostprocessing = 0;
		};
/* End PBXSourcesBuildPhase section */

/* Begin XCBuildConfiguration section */
		C4852CC126D2990D004F36EB /* Debug */ = {
			isa = XCBuildConfiguration;
			buildSettings = {
				ALWAYS_SEARCH_USER_PATHS = NO;
				CLANG_ANALYZER_NONNULL = YES;
				CLANG_ANALYZER_NUMBER_OBJECT_CONVERSION = YES_AGGRESSIVE;
				CLANG_CXX_LANGUAGE_STANDARD = "gnu++17";
				CLANG_CXX_LIBRARY = "libc++";
				CLANG_ENABLE_MODULES = YES;
				CLANG_ENABLE_OBJC_ARC = YES;
				CLANG_ENABLE_OBJC_WEAK = YES;
				CLANG_WARN_BLOCK_CAPTURE_AUTORELEASING = YES;
				CLANG_WARN_BOOL_CONVERSION = YES;
				CLANG_WARN_COMMA = YES;
				CLANG_WARN_CONSTANT_CONVERSION = YES;
				CLANG_WARN_DEPRECATED_OBJC_IMPLEMENTATIONS = YES;
				CLANG_WARN_DIRECT_OBJC_ISA_USAGE = YES_ERROR;
				CLANG_WARN_DOCUMENTATION_COMMENTS = YES;
				CLANG_WARN_EMPTY_BODY = YES;
				CLANG_WARN_ENUM_CONVERSION = YES;
				CLANG_WARN_INFINITE_RECURSION = YES;
				CLANG_WARN_INT_CONVERSION = YES;
				CLANG_WARN_NON_LITERAL_NULL_CONVERSION = YES;
				CLANG_WARN_OBJC_IMPLICIT_RETAIN_SELF = YES;
				CLANG_WARN_OBJC_LITERAL_CONVERSION = YES;
				CLANG_WARN_OBJC_ROOT_CLASS = YES_ERROR;
				CLANG_WARN_QUOTED_INCLUDE_IN_FRAMEWORK_HEADER = YES;
				CLANG_WARN_RANGE_LOOP_ANALYSIS = YES;
				CLANG_WARN_STRICT_PROTOTYPES = YES;
				CLANG_WARN_SUSPICIOUS_MOVE = YES;
				CLANG_WARN_UNGUARDED_AVAILABILITY = YES_AGGRESSIVE;
				CLANG_WARN_UNREACHABLE_CODE = YES;
				CLANG_WARN__DUPLICATE_METHOD_MATCH = YES;
				COPY_PHASE_STRIP = NO;
				DEBUG_INFORMATION_FORMAT = dwarf;
				ENABLE_STRICT_OBJC_MSGSEND = YES;
				ENABLE_TESTABILITY = YES;
				GCC_C_LANGUAGE_STANDARD = gnu11;
				GCC_DYNAMIC_NO_PIC = NO;
				GCC_NO_COMMON_BLOCKS = YES;
				GCC_OPTIMIZATION_LEVEL = 0;
				GCC_PREPROCESSOR_DEFINITIONS = (
					"DEBUG=1",
					"$(inherited)",
				);
				GCC_WARN_64_TO_32_BIT_CONVERSION = YES;
				GCC_WARN_ABOUT_RETURN_TYPE = YES_ERROR;
				GCC_WARN_UNDECLARED_SELECTOR = YES;
				GCC_WARN_UNINITIALIZED_AUTOS = YES_AGGRESSIVE;
				GCC_WARN_UNUSED_FUNCTION = YES;
				GCC_WARN_UNUSED_VARIABLE = YES;
				MTL_ENABLE_DEBUG_INFO = INCLUDE_SOURCE;
				MTL_FAST_MATH = YES;
				ONLY_ACTIVE_ARCH = YES;
				SWIFT_ACTIVE_COMPILATION_CONDITIONS = DEBUG;
				SWIFT_OPTIMIZATION_LEVEL = "-Onone";
			};
			name = Debug;
		};
		C4852CC226D2990D004F36EB /* Release */ = {
			isa = XCBuildConfiguration;
			buildSettings = {
				ALWAYS_SEARCH_USER_PATHS = NO;
				CLANG_ANALYZER_NONNULL = YES;
				CLANG_ANALYZER_NUMBER_OBJECT_CONVERSION = YES_AGGRESSIVE;
				CLANG_CXX_LANGUAGE_STANDARD = "gnu++17";
				CLANG_CXX_LIBRARY = "libc++";
				CLANG_ENABLE_MODULES = YES;
				CLANG_ENABLE_OBJC_ARC = YES;
				CLANG_ENABLE_OBJC_WEAK = YES;
				CLANG_WARN_BLOCK_CAPTURE_AUTORELEASING = YES;
				CLANG_WARN_BOOL_CONVERSION = YES;
				CLANG_WARN_COMMA = YES;
				CLANG_WARN_CONSTANT_CONVERSION = YES;
				CLANG_WARN_DEPRECATED_OBJC_IMPLEMENTATIONS = YES;
				CLANG_WARN_DIRECT_OBJC_ISA_USAGE = YES_ERROR;
				CLANG_WARN_DOCUMENTATION_COMMENTS = YES;
				CLANG_WARN_EMPTY_BODY = YES;
				CLANG_WARN_ENUM_CONVERSION = YES;
				CLANG_WARN_INFINITE_RECURSION = YES;
				CLANG_WARN_INT_CONVERSION = YES;
				CLANG_WARN_NON_LITERAL_NULL_CONVERSION = YES;
				CLANG_WARN_OBJC_IMPLICIT_RETAIN_SELF = YES;
				CLANG_WARN_OBJC_LITERAL_CONVERSION = YES;
				CLANG_WARN_OBJC_ROOT_CLASS = YES_ERROR;
				CLANG_WARN_QUOTED_INCLUDE_IN_FRAMEWORK_HEADER = YES;
				CLANG_WARN_RANGE_LOOP_ANALYSIS = YES;
				CLANG_WARN_STRICT_PROTOTYPES = YES;
				CLANG_WARN_SUSPICIOUS_MOVE = YES;
				CLANG_WARN_UNGUARDED_AVAILABILITY = YES_AGGRESSIVE;
				CLANG_WARN_UNREACHABLE_CODE = YES;
				CLANG_WARN__DUPLICATE_METHOD_MATCH = YES;
				COPY_PHASE_STRIP = NO;
				DEBUG_INFORMATION_FORMAT = "dwarf-with-dsym";
				ENABLE_NS_ASSERTIONS = NO;
				ENABLE_STRICT_OBJC_MSGSEND = YES;
				GCC_C_LANGUAGE_STANDARD = gnu11;
				GCC_NO_COMMON_BLOCKS = YES;
				GCC_WARN_64_TO_32_BIT_CONVERSION = YES;
				GCC_WARN_ABOUT_RETURN_TYPE = YES_ERROR;
				GCC_WARN_UNDECLARED_SELECTOR = YES;
				GCC_WARN_UNINITIALIZED_AUTOS = YES_AGGRESSIVE;
				GCC_WARN_UNUSED_FUNCTION = YES;
				GCC_WARN_UNUSED_VARIABLE = YES;
				MTL_ENABLE_DEBUG_INFO = NO;
				MTL_FAST_MATH = YES;
				SWIFT_COMPILATION_MODE = wholemodule;
				SWIFT_OPTIMIZATION_LEVEL = "-O";
			};
			name = Release;
		};
		C4852CC426D2990D004F36EB /* Debug */ = {
			isa = XCBuildConfiguration;
			buildSettings = {
				ASSETCATALOG_COMPILER_APPICON_NAME = AppIcon;
				ASSETCATALOG_COMPILER_GLOBAL_ACCENT_COLOR_NAME = AccentColor;
				CODE_SIGN_STYLE = Automatic;
				CURRENT_PROJECT_VERSION = 1;
				DEVELOPMENT_TEAM = G7DSPSWXXC;
				ENABLE_PREVIEWS = YES;
				GENERATE_INFOPLIST_FILE = YES;
				INFOPLIST_KEY_UIApplicationSceneManifest_Generation = YES;
				INFOPLIST_KEY_UIApplicationSupportsIndirectInputEvents = YES;
				INFOPLIST_KEY_UILaunchScreen_Generation = YES;
				INFOPLIST_KEY_UISupportedInterfaceOrientations_iPad = "UIInterfaceOrientationPortrait UIInterfaceOrientationPortraitUpsideDown UIInterfaceOrientationLandscapeLeft UIInterfaceOrientationLandscapeRight";
				INFOPLIST_KEY_UISupportedInterfaceOrientations_iPhone = "UIInterfaceOrientationPortrait UIInterfaceOrientationLandscapeLeft UIInterfaceOrientationLandscapeRight";
				IPHONEOS_DEPLOYMENT_TARGET = 15.0;
				LD_RUNPATH_SEARCH_PATHS = (
					"$(inherited)",
					"@executable_path/Frameworks",
				);
				MARKETING_VERSION = 1.0;
				PRODUCT_BUNDLE_IDENTIFIER = com.MicheleManniello.Blog;
				PRODUCT_NAME = Blog;
				SDKROOT = iphoneos;
				SWIFT_EMIT_LOC_STRINGS = YES;
				SWIFT_VERSION = 5.0;
				TARGETED_DEVICE_FAMILY = "1,2";
			};
			name = Debug;
		};
		C4852CC526D2990D004F36EB /* Release */ = {
			isa = XCBuildConfiguration;
			buildSettings = {
				ASSETCATALOG_COMPILER_APPICON_NAME = AppIcon;
				ASSETCATALOG_COMPILER_GLOBAL_ACCENT_COLOR_NAME = AccentColor;
				CODE_SIGN_STYLE = Automatic;
				CURRENT_PROJECT_VERSION = 1;
				DEVELOPMENT_TEAM = G7DSPSWXXC;
				ENABLE_PREVIEWS = YES;
				GENERATE_INFOPLIST_FILE = YES;
				INFOPLIST_KEY_UIApplicationSceneManifest_Generation = YES;
				INFOPLIST_KEY_UIApplicationSupportsIndirectInputEvents = YES;
				INFOPLIST_KEY_UILaunchScreen_Generation = YES;
				INFOPLIST_KEY_UISupportedInterfaceOrientations_iPad = "UIInterfaceOrientationPortrait UIInterfaceOrientationPortraitUpsideDown UIInterfaceOrientationLandscapeLeft UIInterfaceOrientationLandscapeRight";
				INFOPLIST_KEY_UISupportedInterfaceOrientations_iPhone = "UIInterfaceOrientationPortrait UIInterfaceOrientationLandscapeLeft UIInterfaceOrientationLandscapeRight";
				IPHONEOS_DEPLOYMENT_TARGET = 15.0;
				LD_RUNPATH_SEARCH_PATHS = (
					"$(inherited)",
					"@executable_path/Frameworks",
				);
				MARKETING_VERSION = 1.0;
				PRODUCT_BUNDLE_IDENTIFIER = com.MicheleManniello.Blog;
				PRODUCT_NAME = Blog;
				SDKROOT = iphoneos;
				SWIFT_EMIT_LOC_STRINGS = YES;
				SWIFT_VERSION = 5.0;
				TARGETED_DEVICE_FAMILY = "1,2";
				VALIDATE_PRODUCT = YES;
			};
			name = Release;
		};
		C4852CC726D2990D004F36EB /* Debug */ = {
			isa = XCBuildConfiguration;
			buildSettings = {
				ASSETCATALOG_COMPILER_APPICON_NAME = AppIcon;
				ASSETCATALOG_COMPILER_GLOBAL_ACCENT_COLOR_NAME = AccentColor;
				CODE_SIGN_STYLE = Automatic;
				COMBINE_HIDPI_IMAGES = YES;
				CURRENT_PROJECT_VERSION = 1;
				DEVELOPMENT_TEAM = G7DSPSWXXC;
				ENABLE_APP_SANDBOX = YES;
				ENABLE_HARDENED_RUNTIME = YES;
				ENABLE_PREVIEWS = YES;
				ENABLE_USER_SELECTED_FILES = readonly;
				GENERATE_INFOPLIST_FILE = YES;
				INFOPLIST_KEY_NSHumanReadableCopyright = "";
				LD_RUNPATH_SEARCH_PATHS = (
					"$(inherited)",
					"@executable_path/../Frameworks",
				);
				MACOSX_DEPLOYMENT_TARGET = 11.0;
				MARKETING_VERSION = 1.0;
				PRODUCT_BUNDLE_IDENTIFIER = com.MicheleManniello.Blog;
				PRODUCT_NAME = Blog;
				SDKROOT = macosx;
				SWIFT_EMIT_LOC_STRINGS = YES;
				SWIFT_VERSION = 5.0;
			};
			name = Debug;
		};
		C4852CC826D2990D004F36EB /* Release */ = {
			isa = XCBuildConfiguration;
			buildSettings = {
				ASSETCATALOG_COMPILER_APPICON_NAME = AppIcon;
				ASSETCATALOG_COMPILER_GLOBAL_ACCENT_COLOR_NAME = AccentColor;
				CODE_SIGN_STYLE = Automatic;
				COMBINE_HIDPI_IMAGES = YES;
				CURRENT_PROJECT_VERSION = 1;
				DEVELOPMENT_TEAM = G7DSPSWXXC;
				ENABLE_APP_SANDBOX = YES;
				ENABLE_HARDENED_RUNTIME = YES;
				ENABLE_PREVIEWS = YES;
				ENABLE_USER_SELECTED_FILES = readonly;
				GENERATE_INFOPLIST_FILE = YES;
				INFOPLIST_KEY_NSHumanReadableCopyright = "";
				LD_RUNPATH_SEARCH_PATHS = (
					"$(inherited)",
					"@executable_path/../Frameworks",
				);
				MACOSX_DEPLOYMENT_TARGET = 11.0;
				MARKETING_VERSION = 1.0;
				PRODUCT_BUNDLE_IDENTIFIER = com.MicheleManniello.Blog;
				PRODUCT_NAME = Blog;
				SDKROOT = macosx;
				SWIFT_EMIT_LOC_STRINGS = YES;
				SWIFT_VERSION = 5.0;
			};
			name = Release;
		};
/* End XCBuildConfiguration section */

/* Begin XCConfigurationList section */
		C4852CAB26D2990B004F36EB /* Build configuration list for PBXProject "Blog" */ = {
			isa = XCConfigurationList;
			buildConfigurations = (
				C4852CC126D2990D004F36EB /* Debug */,
				C4852CC226D2990D004F36EB /* Release */,
			);
			defaultConfigurationIsVisible = 0;
			defaultConfigurationName = Release;
		};
		C4852CC326D2990D004F36EB /* Build configuration list for PBXNativeTarget "Blog (iOS)" */ = {
			isa = XCConfigurationList;
			buildConfigurations = (
				C4852CC426D2990D004F36EB /* Debug */,
				C4852CC526D2990D004F36EB /* Release */,
			);
			defaultConfigurationIsVisible = 0;
			defaultConfigurationName = Release;
		};
		C4852CC626D2990D004F36EB /* Build configuration list for PBXNativeTarget "Blog (macOS)" */ = {
			isa = XCConfigurationList;
			buildConfigurations = (
				C4852CC726D2990D004F36EB /* Debug */,
				C4852CC826D2990D004F36EB /* Release */,
			);
			defaultConfigurationIsVisible = 0;
			defaultConfigurationName = Release;
		};
/* End XCConfigurationList section */

/* Begin XCRemoteSwiftPackageReference section */
		C4852CCC26D29A83004F36EB /* XCRemoteSwiftPackageReference "firebase-ios-sdk" */ = {
			isa = XCRemoteSwiftPackageReference;
			repositoryURL = "https://github.com/firebase/firebase-ios-sdk.git";
			requirement = {
				branch = master;
				kind = branch;
			};
		};
		C4FAD4E926D2EC6F009F0D1D /* XCRemoteSwiftPackageReference "SDWebImageSwiftUI" */ = {
			isa = XCRemoteSwiftPackageReference;
			repositoryURL = "https://github.com/SDWebImage/SDWebImageSwiftUI.git";
			requirement = {
				kind = upToNextMajorVersion;
				minimumVersion = 2.0.0;
			};
		};
/* End XCRemoteSwiftPackageReference section */

/* Begin XCSwiftPackageProductDependency section */
		C4852CCD26D29A83004F36EB /* FirebaseAnalytics */ = {
			isa = XCSwiftPackageProductDependency;
			package = C4852CCC26D29A83004F36EB /* XCRemoteSwiftPackageReference "firebase-ios-sdk" */;
			productName = FirebaseAnalytics;
		};
		C4852CCF26D29A83004F36EB /* FirebaseAnalyticsSwift-Beta */ = {
			isa = XCSwiftPackageProductDependency;
			package = C4852CCC26D29A83004F36EB /* XCRemoteSwiftPackageReference "firebase-ios-sdk" */;
			productName = "FirebaseAnalyticsSwift-Beta";
		};
		C4852CD126D29A83004F36EB /* FirebaseFirestore */ = {
			isa = XCSwiftPackageProductDependency;
			package = C4852CCC26D29A83004F36EB /* XCRemoteSwiftPackageReference "firebase-ios-sdk" */;
			productName = FirebaseFirestore;
		};
		C4852CD326D29A83004F36EB /* FirebaseFirestoreSwift-Beta */ = {
			isa = XCSwiftPackageProductDependency;
			package = C4852CCC26D29A83004F36EB /* XCRemoteSwiftPackageReference "firebase-ios-sdk" */;
			productName = "FirebaseFirestoreSwift-Beta";
		};
		C4FAD4EA26D2EC6F009F0D1D /* SDWebImageSwiftUI */ = {
			isa = XCSwiftPackageProductDependency;
			package = C4FAD4E926D2EC6F009F0D1D /* XCRemoteSwiftPackageReference "SDWebImageSwiftUI" */;
			productName = SDWebImageSwiftUI;
		};
/* End XCSwiftPackageProductDependency section */
	};
	rootObject = C4852CA826D2990B004F36EB /* Project object */;
}
